
Microsoft Visual Studio Solution File, Format Version 12.00
# Visual Studio Version 17
VisualStudioVersion = 17.6.33829.357
MinimumVisualStudioVersion = 10.0.40219.1
Project("{9A19103F-16F7-4668-BE54-9A1E7A4F7556}") = "FacturasAxoft", "FacturasAxoft\FacturasAxoft.csproj", "{93188403-140D-4EB5-B524-019BED873CCB}"
EndProject
Project("{9A19103F-16F7-4668-BE54-9A1E7A4F7556}") = "FacturasAxoftTest", "FacturasAxoftTest\FacturasAxoftTest.csproj", "{1B867F8B-E524-42CB-BAAB-0860F44B9B01}"
EndProject
Project("{9A19103F-16F7-4668-BE54-9A1E7A4F7556}") = "FacturasAxoftConsole", "FacturasAxoftConsole\FacturasAxoftConsole.csproj", "{1E8172B5-EC64-4210-9A5D-EA47D79D4155}"
EndProject
Project("{2150E333-8FDC-42A3-9474-1A3956D46DE8}") = "Elementos de la solución", "Elementos de la solución", "{6712E5AB-0C54-42EF-B208-A4CD6FAC7B34}"
	ProjectSection(SolutionItems) = preProject
		SQL\CreateDb.sql = SQL\CreateDb.sql
		XML\Ejemplo.xml = XML\Ejemplo.xml
	EndProjectSection
EndProject
Global
	GlobalSection(SolutionConfigurationPlatforms) = preSolution
		Debug|Any CPU = Debug|Any CPU
		Release|Any CPU = Release|Any CPU
	EndGlobalSection
	GlobalSection(ProjectConfigurationPlatforms) = postSolution
		{93188403-140D-4EB5-B524-019BED873CCB}.Debug|Any CPU.ActiveCfg = Debug|Any CPU
		{93188403-140D-4EB5-B524-019BED873CCB}.Debug|Any CPU.Build.0 = Debug|Any CPU
		{93188403-140D-4EB5-B524-019BED873CCB}.Release|Any CPU.ActiveCfg = Release|Any CPU
		{93188403-140D-4EB5-B524-019BED873CCB}.Release|Any CPU.Build.0 = Release|Any CPU
		{1B867F8B-E524-42CB-BAAB-0860F44B9B01}.Debug|Any CPU.ActiveCfg = Debug|Any CPU
		{1B867F8B-E524-42CB-BAAB-0860F44B9B01}.Debug|Any CPU.Build.0 = Debug|Any CPU
		{1B867F8B-E524-42CB-BAAB-0860F44B9B01}.Release|Any CPU.ActiveCfg = Release|Any CPU
		{1B867F8B-E524-42CB-BAAB-0860F44B9B01}.Release|Any CPU.Build.0 = Release|Any CPU
		{1E8172B5-EC64-4210-9A5D-EA47D79D4155}.Debug|Any CPU.ActiveCfg = Debug|Any CPU
		{1E8172B5-EC64-4210-9A5D-EA47D79D4155}.Debug|Any CPU.Build.0 = Debug|Any CPU
		{1E8172B5-EC64-4210-9A5D-EA47D79D4155}.Release|Any CPU.ActiveCfg = Release|Any CPU
		{1E8172B5-EC64-4210-9A5D-EA47D79D4155}.Release|Any CPU.Build.0 = Release|Any CPU
	EndGlobalSection
	GlobalSection(SolutionProperties) = preSolution
		HideSolutionNode = FALSE
	EndGlobalSection
	GlobalSection(ExtensibilityGlobals) = postSolution
		SolutionGuid = {E92AF984-EACD-40BB-83FD-1B48FE3ACF28}
	EndGlobalSection
EndGlobal
